
Microsoft Visual Studio Solution File, Format Version 12.00
# Visual Studio Version 16
VisualStudioVersion = 16.0.30804.86
MinimumVisualStudioVersion = 10.0.40219.1
Project("{9A19103F-16F7-4668-BE54-9A1E7A4F7556}") = "ZEC.Framework", "Presentation\ZEC.Framework\ZEC.Framework.csproj", "{0C14FF75-581F-4841-BF75-136A9653860F}"
EndProject
Project("{9A19103F-16F7-4668-BE54-9A1E7A4F7556}") = "ZEC.Core", "Presentation\ZEC.Core\ZEC.Core.csproj", "{59356923-8182-420C-AA4D-C7C043364BB8}"
EndProject
Project("{9A19103F-16F7-4668-BE54-9A1E7A4F7556}") = "ZEC.Pages", "Presentation\ZEC.Pages\ZEC.Pages.csproj", "{14E65D1B-8918-473E-9371-F7E2F927AE96}"
EndProject
Project("{9A19103F-16F7-4668-BE54-9A1E7A4F7556}") = "ZEC.Services", "Presentation\ZEC.Services\ZEC.Services.csproj", "{EB39B621-3887-40EE-A67E-49823E3F8A2A}"
EndProject
Project("{2150E333-8FDC-42A3-9474-1A3956D46DE8}") = "Presentation", "Presentation", "{454095DF-9BB1-4093-83D0-56F055C57031}"
EndProject
Global
	GlobalSection(SolutionConfigurationPlatforms) = preSolution
		Debug|Any CPU = Debug|Any CPU
		Release|Any CPU = Release|Any CPU
	EndGlobalSection
	GlobalSection(ProjectConfigurationPlatforms) = postSolution
		{0C14FF75-581F-4841-BF75-136A9653860F}.Debug|Any CPU.ActiveCfg = Debug|Any CPU
		{0C14FF75-581F-4841-BF75-136A9653860F}.Debug|Any CPU.Build.0 = Debug|Any CPU
		{0C14FF75-581F-4841-BF75-136A9653860F}.Release|Any CPU.ActiveCfg = Release|Any CPU
		{0C14FF75-581F-4841-BF75-136A9653860F}.Release|Any CPU.Build.0 = Release|Any CPU
		{59356923-8182-420C-AA4D-C7C043364BB8}.Debug|Any CPU.ActiveCfg = Debug|Any CPU
		{59356923-8182-420C-AA4D-C7C043364BB8}.Debug|Any CPU.Build.0 = Debug|Any CPU
		{59356923-8182-420C-AA4D-C7C043364BB8}.Release|Any CPU.ActiveCfg = Release|Any CPU
		{59356923-8182-420C-AA4D-C7C043364BB8}.Release|Any CPU.Build.0 = Release|Any CPU
		{14E65D1B-8918-473E-9371-F7E2F927AE96}.Debug|Any CPU.ActiveCfg = Debug|Any CPU
		{14E65D1B-8918-473E-9371-F7E2F927AE96}.Debug|Any CPU.Build.0 = Debug|Any CPU
		{14E65D1B-8918-473E-9371-F7E2F927AE96}.Release|Any CPU.ActiveCfg = Release|Any CPU
		{14E65D1B-8918-473E-9371-F7E2F927AE96}.Release|Any CPU.Build.0 = Release|Any CPU
		{EB39B621-3887-40EE-A67E-49823E3F8A2A}.Debug|Any CPU.ActiveCfg = Debug|Any CPU
		{EB39B621-3887-40EE-A67E-49823E3F8A2A}.Debug|Any CPU.Build.0 = Debug|Any CPU
		{EB39B621-3887-40EE-A67E-49823E3F8A2A}.Release|Any CPU.ActiveCfg = Release|Any CPU
		{EB39B621-3887-40EE-A67E-49823E3F8A2A}.Release|Any CPU.Build.0 = Release|Any CPU
	EndGlobalSection
	GlobalSection(SolutionProperties) = preSolution
		HideSolutionNode = FALSE
	EndGlobalSection
	GlobalSection(NestedProjects) = preSolution
		{0C14FF75-581F-4841-BF75-136A9653860F} = {454095DF-9BB1-4093-83D0-56F055C57031}
		{59356923-8182-420C-AA4D-C7C043364BB8} = {454095DF-9BB1-4093-83D0-56F055C57031}
		{14E65D1B-8918-473E-9371-F7E2F927AE96} = {454095DF-9BB1-4093-83D0-56F055C57031}
		{EB39B621-3887-40EE-A67E-49823E3F8A2A} = {454095DF-9BB1-4093-83D0-56F055C57031}
	EndGlobalSection
	GlobalSection(ExtensibilityGlobals) = postSolution
		SolutionGuid = {D86D9463-F74B-4B21-86DC-8F7E57E3E115}
	EndGlobalSection
EndGlobal
